
Microsoft Visual Studio Solution File, Format Version 12.00
# Visual Studio Version 17
VisualStudioVersion = 17.6.33712.159
MinimumVisualStudioVersion = 10.0.40219.1
Project("{9A19103F-16F7-4668-BE54-9A1E7A4F7556}") = "core", "core\core.csproj", "{4F896BB2-E5B0-4DA5-B906-211913000C73}"
EndProject
Project("{9A19103F-16F7-4668-BE54-9A1E7A4F7556}") = "WinFormsApp", "WinFormsApp\WinFormsApp.csproj", "{EA9A3E67-9A4F-4687-9ECE-5A0119FA140C}"
EndProject
Global
	GlobalSection(SolutionConfigurationPlatforms) = preSolution
		Debug|Any CPU = Debug|Any CPU
		Release|Any CPU = Release|Any CPU
	EndGlobalSection
	GlobalSection(ProjectConfigurationPlatforms) = postSolution
		{4F896BB2-E5B0-4DA5-B906-211913000C73}.Debug|Any CPU.ActiveCfg = Debug|Any CPU
		{4F896BB2-E5B0-4DA5-B906-211913000C73}.Debug|Any CPU.Build.0 = Debug|Any CPU
		{4F896BB2-E5B0-4DA5-B906-211913000C73}.Release|Any CPU.ActiveCfg = Release|Any CPU
		{4F896BB2-E5B0-4DA5-B906-211913000C73}.Release|Any CPU.Build.0 = Release|Any CPU
		{EA9A3E67-9A4F-4687-9ECE-5A0119FA140C}.Debug|Any CPU.ActiveCfg = Debug|Any CPU
		{EA9A3E67-9A4F-4687-9ECE-5A0119FA140C}.Debug|Any CPU.Build.0 = Debug|Any CPU
		{EA9A3E67-9A4F-4687-9ECE-5A0119FA140C}.Release|Any CPU.ActiveCfg = Release|Any CPU
		{EA9A3E67-9A4F-4687-9ECE-5A0119FA140C}.Release|Any CPU.Build.0 = Release|Any CPU
	EndGlobalSection
	GlobalSection(SolutionProperties) = preSolution
		HideSolutionNode = FALSE
	EndGlobalSection
	GlobalSection(ExtensibilityGlobals) = postSolution
		SolutionGuid = {231C8498-A36E-4C8A-BE98-CDFB1DD4A5BE}
	EndGlobalSection
EndGlobal
